// !$*UTF8*$!
{
	archiveVersion = 1;
	classes = {
	};
	objectVersion = 50;
	objects = {

/* Begin PBXBuildFile section */
		2B604F5F23FE9F2C0033F935 /* PencilViewController.swift in Sources */ = {isa = PBXBuildFile; fileRef = 2B604F5E23FE9F2C0033F935 /* PencilViewController.swift */; };
		2B8E58712403321200F6F4D6 /* AppData.swift in Sources */ = {isa = PBXBuildFile; fileRef = 2B8E58702403321200F6F4D6 /* AppData.swift */; };
		4034D2592404930600C4AE37 /* HomeViewController.swift in Sources */ = {isa = PBXBuildFile; fileRef = 4034D2582404930600C4AE37 /* HomeViewController.swift */; };
		4034D25B2404954500C4AE37 /* InfoViewController.swift in Sources */ = {isa = PBXBuildFile; fileRef = 4034D25A2404954500C4AE37 /* InfoViewController.swift */; };
		407A97D223FE9B4900FCC932 /* AppDelegate.swift in Sources */ = {isa = PBXBuildFile; fileRef = 407A97D123FE9B4900FCC932 /* AppDelegate.swift */; };
		407A97D423FE9B4900FCC932 /* SceneDelegate.swift in Sources */ = {isa = PBXBuildFile; fileRef = 407A97D323FE9B4900FCC932 /* SceneDelegate.swift */; };
		407A97D923FE9B4900FCC932 /* Main.storyboard in Resources */ = {isa = PBXBuildFile; fileRef = 407A97D723FE9B4900FCC932 /* Main.storyboard */; };
		407A97DB23FE9B4A00FCC932 /* Assets.xcassets in Resources */ = {isa = PBXBuildFile; fileRef = 407A97DA23FE9B4A00FCC932 /* Assets.xcassets */; };
		407A97DE23FE9B4A00FCC932 /* LaunchScreen.storyboard in Resources */ = {isa = PBXBuildFile; fileRef = 407A97DC23FE9B4A00FCC932 /* LaunchScreen.storyboard */; };
		407A97E623FEA74D00FCC932 /* CameraViewController.swift in Sources */ = {isa = PBXBuildFile; fileRef = 407A97E523FEA74D00FCC932 /* CameraViewController.swift */; };
		407A97E823FEC82900FCC932 /* MyGraffitiViewController.swift in Sources */ = {isa = PBXBuildFile; fileRef = 407A97E723FEC82900FCC932 /* MyGraffitiViewController.swift */; };
		407A97EA23FECDFF00FCC932 /* CollectionViewCell.swift in Sources */ = {isa = PBXBuildFile; fileRef = 407A97E923FECDFF00FCC932 /* CollectionViewCell.swift */; };
		40DD3E07240E9B370018B760 /* Scene.swift in Sources */ = {isa = PBXBuildFile; fileRef = 40DD3E06240E9B370018B760 /* Scene.swift */; };
		40DD3E09240E9B400018B760 /* Scene.sks in Resources */ = {isa = PBXBuildFile; fileRef = 40DD3E08240E9B400018B760 /* Scene.sks */; };
		DBC76CAA2406B81D0090AA20 /* ARViewController.swift in Sources */ = {isa = PBXBuildFile; fileRef = DBC76CA92406B81D0090AA20 /* ARViewController.swift */; };
/* End PBXBuildFile section */

/* Begin PBXFileReference section */
		2B604F5E23FE9F2C0033F935 /* PencilViewController.swift */ = {isa = PBXFileReference; lastKnownFileType = sourcecode.swift; path = PencilViewController.swift; sourceTree = "<group>"; };
		2B8E58702403321200F6F4D6 /* AppData.swift */ = {isa = PBXFileReference; lastKnownFileType = sourcecode.swift; path = AppData.swift; sourceTree = "<group>"; };
		4034D2582404930600C4AE37 /* HomeViewController.swift */ = {isa = PBXFileReference; lastKnownFileType = sourcecode.swift; path = HomeViewController.swift; sourceTree = "<group>"; };
		4034D25A2404954500C4AE37 /* InfoViewController.swift */ = {isa = PBXFileReference; lastKnownFileType = sourcecode.swift; path = InfoViewController.swift; sourceTree = "<group>"; };
		407A97CE23FE9B4900FCC932 /* StreetARtist.app */ = {isa = PBXFileReference; explicitFileType = wrapper.application; includeInIndex = 0; path = StreetARtist.app; sourceTree = BUILT_PRODUCTS_DIR; };
		407A97D123FE9B4900FCC932 /* AppDelegate.swift */ = {isa = PBXFileReference; lastKnownFileType = sourcecode.swift; path = AppDelegate.swift; sourceTree = "<group>"; };
		407A97D323FE9B4900FCC932 /* SceneDelegate.swift */ = {isa = PBXFileReference; lastKnownFileType = sourcecode.swift; path = SceneDelegate.swift; sourceTree = "<group>"; };
		407A97D823FE9B4900FCC932 /* Base */ = {isa = PBXFileReference; lastKnownFileType = file.storyboard; name = Base; path = Base.lproj/Main.storyboard; sourceTree = "<group>"; };
		407A97DA23FE9B4A00FCC932 /* Assets.xcassets */ = {isa = PBXFileReference; lastKnownFileType = folder.assetcatalog; path = Assets.xcassets; sourceTree = "<group>"; };
		407A97DD23FE9B4A00FCC932 /* Base */ = {isa = PBXFileReference; lastKnownFileType = file.storyboard; name = Base; path = Base.lproj/LaunchScreen.storyboard; sourceTree = "<group>"; };
		407A97DF23FE9B4A00FCC932 /* Info.plist */ = {isa = PBXFileReference; lastKnownFileType = text.plist.xml; path = Info.plist; sourceTree = "<group>"; };
		407A97E523FEA74D00FCC932 /* CameraViewController.swift */ = {isa = PBXFileReference; lastKnownFileType = sourcecode.swift; path = CameraViewController.swift; sourceTree = "<group>"; };
		407A97E723FEC82900FCC932 /* MyGraffitiViewController.swift */ = {isa = PBXFileReference; lastKnownFileType = sourcecode.swift; path = MyGraffitiViewController.swift; sourceTree = "<group>"; };
		407A97E923FECDFF00FCC932 /* CollectionViewCell.swift */ = {isa = PBXFileReference; lastKnownFileType = sourcecode.swift; path = CollectionViewCell.swift; sourceTree = "<group>"; };
		40DD3E06240E9B370018B760 /* Scene.swift */ = {isa = PBXFileReference; fileEncoding = 4; lastKnownFileType = sourcecode.swift; path = Scene.swift; sourceTree = "<group>"; };
		40DD3E08240E9B400018B760 /* Scene.sks */ = {isa = PBXFileReference; lastKnownFileType = file.sks; path = Scene.sks; sourceTree = "<group>"; };
		DBC76CA92406B81D0090AA20 /* ARViewController.swift */ = {isa = PBXFileReference; lastKnownFileType = sourcecode.swift; path = ARViewController.swift; sourceTree = "<group>"; };
/* End PBXFileReference section */

/* Begin PBXFrameworksBuildPhase section */
		407A97CB23FE9B4900FCC932 /* Frameworks */ = {
			isa = PBXFrameworksBuildPhase;
			buildActionMask = 2147483647;
			files = (
			);
			runOnlyForDeploymentPostprocessing = 0;
		};
/* End PBXFrameworksBuildPhase section */

/* Begin PBXGroup section */
		407A97C523FE9B4900FCC932 = {
			isa = PBXGroup;
			children = (
				407A97D023FE9B4900FCC932 /* StreetARtist */,
				407A97CF23FE9B4900FCC932 /* Products */,
			);
			sourceTree = "<group>";
		};
		407A97CF23FE9B4900FCC932 /* Products */ = {
			isa = PBXGroup;
			children = (
				407A97CE23FE9B4900FCC932 /* StreetARtist.app */,
			);
			name = Products;
			sourceTree = "<group>";
		};
		407A97D023FE9B4900FCC932 /* StreetARtist */ = {
			isa = PBXGroup;
			children = (
				40DD3E08240E9B400018B760 /* Scene.sks */,
				40DD3E06240E9B370018B760 /* Scene.swift */,
				407A97D123FE9B4900FCC932 /* AppDelegate.swift */,
				407A97D323FE9B4900FCC932 /* SceneDelegate.swift */,
				2B8E58702403321200F6F4D6 /* AppData.swift */,
				2B604F5E23FE9F2C0033F935 /* PencilViewController.swift */,
				407A97E523FEA74D00FCC932 /* CameraViewController.swift */,
				407A97E723FEC82900FCC932 /* MyGraffitiViewController.swift */,
				DBC76CA92406B81D0090AA20 /* ARViewController.swift */,
				407A97E923FECDFF00FCC932 /* CollectionViewCell.swift */,
				407A97D723FE9B4900FCC932 /* Main.storyboard */,
				4034D25A2404954500C4AE37 /* InfoViewController.swift */,
				4034D2582404930600C4AE37 /* HomeViewController.swift */,
				407A97DA23FE9B4A00FCC932 /* Assets.xcassets */,
				407A97DC23FE9B4A00FCC932 /* LaunchScreen.storyboard */,
				407A97DF23FE9B4A00FCC932 /* Info.plist */,
			);
			path = StreetARtist;
			sourceTree = "<group>";
		};
/* End PBXGroup section */

/* Begin PBXNativeTarget section */
		407A97CD23FE9B4900FCC932 /* StreetARtist */ = {
			isa = PBXNativeTarget;
			buildConfigurationList = 407A97E223FE9B4A00FCC932 /* Build configuration list for PBXNativeTarget "StreetARtist" */;
			buildPhases = (
				407A97CA23FE9B4900FCC932 /* Sources */,
				407A97CB23FE9B4900FCC932 /* Frameworks */,
				407A97CC23FE9B4900FCC932 /* Resources */,
			);
			buildRules = (
			);
			dependencies = (
			);
			name = StreetARtist;
			productName = StreetARtist;
			productReference = 407A97CE23FE9B4900FCC932 /* StreetARtist.app */;
			productType = "com.apple.product-type.application";
		};
/* End PBXNativeTarget section */

/* Begin PBXProject section */
		407A97C623FE9B4900FCC932 /* Project object */ = {
			isa = PBXProject;
			attributes = {
				LastSwiftUpdateCheck = 1130;
				LastUpgradeCheck = 1130;
				ORGANIZATIONNAME = "Valerio Volpe";
				TargetAttributes = {
					407A97CD23FE9B4900FCC932 = {
						CreatedOnToolsVersion = 11.3.1;
					};
				};
			};
			buildConfigurationList = 407A97C923FE9B4900FCC932 /* Build configuration list for PBXProject "StreetARtist" */;
			compatibilityVersion = "Xcode 9.3";
			developmentRegion = en;
			hasScannedForEncodings = 0;
			knownRegions = (
				en,
				Base,
			);
			mainGroup = 407A97C523FE9B4900FCC932;
			productRefGroup = 407A97CF23FE9B4900FCC932 /* Products */;
			projectDirPath = "";
			projectRoot = "";
			targets = (
				407A97CD23FE9B4900FCC932 /* StreetARtist */,
			);
		};
/* End PBXProject section */

/* Begin PBXResourcesBuildPhase section */
		407A97CC23FE9B4900FCC932 /* Resources */ = {
			isa = PBXResourcesBuildPhase;
			buildActionMask = 2147483647;
			files = (
				407A97DE23FE9B4A00FCC932 /* LaunchScreen.storyboard in Resources */,
				407A97DB23FE9B4A00FCC932 /* Assets.xcassets in Resources */,
				40DD3E09240E9B400018B760 /* Scene.sks in Resources */,
				407A97D923FE9B4900FCC932 /* Main.storyboard in Resources */,
			);
			runOnlyForDeploymentPostprocessing = 0;
		};
/* End PBXResourcesBuildPhase section */

/* Begin PBXSourcesBuildPhase section */
		407A97CA23FE9B4900FCC932 /* Sources */ = {
			isa = PBXSourcesBuildPhase;
			buildActionMask = 2147483647;
			files = (
				407A97E623FEA74D00FCC932 /* CameraViewController.swift in Sources */,
				407A97D223FE9B4900FCC932 /* AppDelegate.swift in Sources */,
				407A97EA23FECDFF00FCC932 /* CollectionViewCell.swift in Sources */,
				4034D2592404930600C4AE37 /* HomeViewController.swift in Sources */,
				4034D25B2404954500C4AE37 /* InfoViewController.swift in Sources */,
				407A97D423FE9B4900FCC932 /* SceneDelegate.swift in Sources */,
				407A97E823FEC82900FCC932 /* MyGraffitiViewController.swift in Sources */,
				2B604F5F23FE9F2C0033F935 /* PencilViewController.swift in Sources */,
				2B8E58712403321200F6F4D6 /* AppData.swift in Sources */,
				DBC76CAA2406B81D0090AA20 /* ARViewController.swift in Sources */,
				40DD3E07240E9B370018B760 /* Scene.swift in Sources */,
			);
			runOnlyForDeploymentPostprocessing = 0;
		};
/* End PBXSourcesBuildPhase section */

/* Begin PBXVariantGroup section */
		407A97D723FE9B4900FCC932 /* Main.storyboard */ = {
			isa = PBXVariantGroup;
			children = (
				407A97D823FE9B4900FCC932 /* Base */,
			);
			name = Main.storyboard;
			sourceTree = "<group>";
		};
		407A97DC23FE9B4A00FCC932 /* LaunchScreen.storyboard */ = {
			isa = PBXVariantGroup;
			children = (
				407A97DD23FE9B4A00FCC932 /* Base */,
			);
			name = LaunchScreen.storyboard;
			sourceTree = "<group>";
		};
/* End PBXVariantGroup section */

/* Begin XCBuildConfiguration section */
		407A97E023FE9B4A00FCC932 /* Debug */ = {
			isa = XCBuildConfiguration;
			buildSettings = {
				ALWAYS_SEARCH_USER_PATHS = NO;
				CLANG_ANALYZER_NONNULL = YES;
				CLANG_ANALYZER_NUMBER_OBJECT_CONVERSION = YES_AGGRESSIVE;
				CLANG_CXX_LANGUAGE_STANDARD = "gnu++14";
				CLANG_CXX_LIBRARY = "libc++";
				CLANG_ENABLE_MODULES = YES;
				CLANG_ENABLE_OBJC_ARC = YES;
				CLANG_ENABLE_OBJC_WEAK = YES;
				CLANG_WARN_BLOCK_CAPTURE_AUTORELEASING = YES;
				CLANG_WARN_BOOL_CONVERSION = YES;
				CLANG_WARN_COMMA = YES;
				CLANG_WARN_CONSTANT_CONVERSION = YES;
				CLANG_WARN_DEPRECATED_OBJC_IMPLEMENTATIONS = YES;
				CLANG_WARN_DIRECT_OBJC_ISA_USAGE = YES_ERROR;
				CLANG_WARN_DOCUMENTATION_COMMENTS = YES;
				CLANG_WARN_EMPTY_BODY = YES;
				CLANG_WARN_ENUM_CONVERSION = YES;
				CLANG_WARN_INFINITE_RECURSION = YES;
				CLANG_WARN_INT_CONVERSION = YES;
				CLANG_WARN_NON_LITERAL_NULL_CONVERSION = YES;
				CLANG_WARN_OBJC_IMPLICIT_RETAIN_SELF = YES;
				CLANG_WARN_OBJC_LITERAL_CONVERSION = YES;
				CLANG_WARN_OBJC_ROOT_CLASS = YES_ERROR;
				CLANG_WARN_RANGE_LOOP_ANALYSIS = YES;
				CLANG_WARN_STRICT_PROTOTYPES = YES;
				CLANG_WARN_SUSPICIOUS_MOVE = YES;
				CLANG_WARN_UNGUARDED_AVAILABILITY = YES_AGGRESSIVE;
				CLANG_WARN_UNREACHABLE_CODE = YES;
				CLANG_WARN__DUPLICATE_METHOD_MATCH = YES;
				COPY_PHASE_STRIP = NO;
				DEBUG_INFORMATION_FORMAT = dwarf;
				ENABLE_STRICT_OBJC_MSGSEND = YES;
				ENABLE_TESTABILITY = YES;
				GCC_C_LANGUAGE_STANDARD = gnu11;
				GCC_DYNAMIC_NO_PIC = NO;
				GCC_NO_COMMON_BLOCKS = YES;
				GCC_OPTIMIZATION_LEVEL = 0;
				GCC_PREPROCESSOR_DEFINITIONS = (
					"DEBUG=1",
					"$(inherited)",
				);
				GCC_WARN_64_TO_32_BIT_CONVERSION = YES;
				GCC_WARN_ABOUT_RETURN_TYPE = YES_ERROR;
				GCC_WARN_UNDECLARED_SELECTOR = YES;
				GCC_WARN_UNINITIALIZED_AUTOS = YES_AGGRESSIVE;
				GCC_WARN_UNUSED_FUNCTION = YES;
				GCC_WARN_UNUSED_VARIABLE = YES;
				IPHONEOS_DEPLOYMENT_TARGET = 13.2;
				MTL_ENABLE_DEBUG_INFO = INCLUDE_SOURCE;
				MTL_FAST_MATH = YES;
				ONLY_ACTIVE_ARCH = YES;
				SDKROOT = iphoneos;
				SWIFT_ACTIVE_COMPILATION_CONDITIONS = DEBUG;
				SWIFT_OPTIMIZATION_LEVEL = "-Onone";
			};
			name = Debug;
		};
		407A97E123FE9B4A00FCC932 /* Release */ = {
			isa = XCBuildConfiguration;
			buildSettings = {
				ALWAYS_SEARCH_USER_PATHS = NO;
				CLANG_ANALYZER_NONNULL = YES;
				CLANG_ANALYZER_NUMBER_OBJECT_CONVERSION = YES_AGGRESSIVE;
				CLANG_CXX_LANGUAGE_STANDARD = "gnu++14";
				CLANG_CXX_LIBRARY = "libc++";
				CLANG_ENABLE_MODULES = YES;
				CLANG_ENABLE_OBJC_ARC = YES;
				CLANG_ENABLE_OBJC_WEAK = YES;
				CLANG_WARN_BLOCK_CAPTURE_AUTORELEASING = YES;
				CLANG_WARN_BOOL_CONVERSION = YES;
				CLANG_WARN_COMMA = YES;
				CLANG_WARN_CONSTANT_CONVERSION = YES;
				CLANG_WARN_DEPRECATED_OBJC_IMPLEMENTATIONS = YES;
				CLANG_WARN_DIRECT_OBJC_ISA_USAGE = YES_ERROR;
				CLANG_WARN_DOCUMENTATION_COMMENTS = YES;
				CLANG_WARN_EMPTY_BODY = YES;
				CLANG_WARN_ENUM_CONVERSION = YES;
				CLANG_WARN_INFINITE_RECURSION = YES;
				CLANG_WARN_INT_CONVERSION = YES;
				CLANG_WARN_NON_LITERAL_NULL_CONVERSION = YES;
				CLANG_WARN_OBJC_IMPLICIT_RETAIN_SELF = YES;
				CLANG_WARN_OBJC_LITERAL_CONVERSION = YES;
				CLANG_WARN_OBJC_ROOT_CLASS = YES_ERROR;
				CLANG_WARN_RANGE_LOOP_ANALYSIS = YES;
				CLANG_WARN_STRICT_PROTOTYPES = YES;
				CLANG_WARN_SUSPICIOUS_MOVE = YES;
				CLANG_WARN_UNGUARDED_AVAILABILITY = YES_AGGRESSIVE;
				CLANG_WARN_UNREACHABLE_CODE = YES;
				CLANG_WARN__DUPLICATE_METHOD_MATCH = YES;
				COPY_PHASE_STRIP = NO;
				DEBUG_INFORMATION_FORMAT = "dwarf-with-dsym";
				ENABLE_NS_ASSERTIONS = NO;
				ENABLE_STRICT_OBJC_MSGSEND = YES;
				GCC_C_LANGUAGE_STANDARD = gnu11;
				GCC_NO_COMMON_BLOCKS = YES;
				GCC_WARN_64_TO_32_BIT_CONVERSION = YES;
				GCC_WARN_ABOUT_RETURN_TYPE = YES_ERROR;
				GCC_WARN_UNDECLARED_SELECTOR = YES;
				GCC_WARN_UNINITIALIZED_AUTOS = YES_AGGRESSIVE;
				GCC_WARN_UNUSED_FUNCTION = YES;
				GCC_WARN_UNUSED_VARIABLE = YES;
				IPHONEOS_DEPLOYMENT_TARGET = 13.2;
				MTL_ENABLE_DEBUG_INFO = NO;
				MTL_FAST_MATH = YES;
				SDKROOT = iphoneos;
				SWIFT_COMPILATION_MODE = wholemodule;
				SWIFT_OPTIMIZATION_LEVEL = "-O";
				VALIDATE_PRODUCT = YES;
			};
			name = Release;
		};
		407A97E323FE9B4A00FCC932 /* Debug */ = {
			isa = XCBuildConfiguration;
			buildSettings = {
				ASSETCATALOG_COMPILER_APPICON_NAME = AppIcon;
				CODE_SIGN_STYLE = Automatic;
				DEVELOPMENT_TEAM = MZ8CYB3843;
				INFOPLIST_FILE = StreetARtist/Info.plist;
				LD_RUNPATH_SEARCH_PATHS = (
					"$(inherited)",
					"@executable_path/Frameworks",
				);
				MARKETING_VERSION = 1.3;
				PRODUCT_BUNDLE_IDENTIFIER = vvolpe.StreetARtist;
				PRODUCT_NAME = "$(TARGET_NAME)";
				SWIFT_VERSION = 5.0;
				TARGETED_DEVICE_FAMILY = 2;
			};
			name = Debug;
		};
		407A97E423FE9B4A00FCC932 /* Release */ = {
			isa = XCBuildConfiguration;
			buildSettings = {
				ASSETCATALOG_COMPILER_APPICON_NAME = AppIcon;
				CODE_SIGN_STYLE = Automatic;
				DEVELOPMENT_TEAM = MZ8CYB3843;
				INFOPLIST_FILE = StreetARtist/Info.plist;
				LD_RUNPATH_SEARCH_PATHS = (
					"$(inherited)",
					"@executable_path/Frameworks",
				);
				MARKETING_VERSION = 1.3;
				PRODUCT_BUNDLE_IDENTIFIER = vvolpe.StreetARtist;
				PRODUCT_NAME = "$(TARGET_NAME)";
				SWIFT_VERSION = 5.0;
				TARGETED_DEVICE_FAMILY = 2;
			};
			name = Release;
		};
/* End XCBuildConfiguration section */

/* Begin XCConfigurationList section */
		407A97C923FE9B4900FCC932 /* Build configuration list for PBXProject "StreetARtist" */ = {
			isa = XCConfigurationList;
			buildConfigurations = (
				407A97E023FE9B4A00FCC932 /* Debug */,
				407A97E123FE9B4A00FCC932 /* Release */,
			);
			defaultConfigurationIsVisible = 0;
			defaultConfigurationName = Release;
		};
		407A97E223FE9B4A00FCC932 /* Build configuration list for PBXNativeTarget "StreetARtist" */ = {
			isa = XCConfigurationList;
			buildConfigurations = (
				407A97E323FE9B4A00FCC932 /* Debug */,
				407A97E423FE9B4A00FCC932 /* Release */,
			);
			defaultConfigurationIsVisible = 0;
			defaultConfigurationName = Release;
		};
/* End XCConfigurationList section */
	};
	rootObject = 407A97C623FE9B4900FCC932 /* Project object */;
}
